
Microsoft Visual Studio Solution File, Format Version 12.00
# Visual Studio Version 17
VisualStudioVersion = 17.14.36414.22
MinimumVisualStudioVersion = 10.0.40219.1
Project("{FAE04EC0-301F-11D3-BF4B-00C04F79EFBC}") = "Reservation", "Reservation.csproj", "{A66750DC-57B8-40C2-999B-1AC7CB445600}"
EndProject
Project("{FAE04EC0-301F-11D3-BF4B-00C04F79EFBC}") = "ReservationUnitTests", "..\ReservationUnitTests\ReservationUnitTests.csproj", "{3531FDFD-EABE-4CB0-A819-021E08440371}"
EndProject
Project("{FAE04EC0-301F-11D3-BF4B-00C04F79EFBC}") = "ReservationAutoTests", "..\ReservationAutoTests\ReservationAutoTests.csproj", "{4CAEC578-923D-46EB-B228-39BDB457EBA0}"
EndProject
Global
	GlobalSection(SolutionConfigurationPlatforms) = preSolution
		Debug|Any CPU = Debug|Any CPU
		Release|Any CPU = Release|Any CPU
	EndGlobalSection
	GlobalSection(ProjectConfigurationPlatforms) = postSolution
		{A66750DC-57B8-40C2-999B-1AC7CB445600}.Debug|Any CPU.ActiveCfg = Debug|Any CPU
		{A66750DC-57B8-40C2-999B-1AC7CB445600}.Debug|Any CPU.Build.0 = Debug|Any CPU
		{A66750DC-57B8-40C2-999B-1AC7CB445600}.Release|Any CPU.ActiveCfg = Release|Any CPU
		{A66750DC-57B8-40C2-999B-1AC7CB445600}.Release|Any CPU.Build.0 = Release|Any CPU
		{3531FDFD-EABE-4CB0-A819-021E08440371}.Debug|Any CPU.ActiveCfg = Debug|Any CPU
		{3531FDFD-EABE-4CB0-A819-021E08440371}.Debug|Any CPU.Build.0 = Debug|Any CPU
		{3531FDFD-EABE-4CB0-A819-021E08440371}.Release|Any CPU.ActiveCfg = Release|Any CPU
		{3531FDFD-EABE-4CB0-A819-021E08440371}.Release|Any CPU.Build.0 = Release|Any CPU
		{4CAEC578-923D-46EB-B228-39BDB457EBA0}.Debug|Any CPU.ActiveCfg = Debug|Any CPU
		{4CAEC578-923D-46EB-B228-39BDB457EBA0}.Debug|Any CPU.Build.0 = Debug|Any CPU
		{4CAEC578-923D-46EB-B228-39BDB457EBA0}.Release|Any CPU.ActiveCfg = Release|Any CPU
		{4CAEC578-923D-46EB-B228-39BDB457EBA0}.Release|Any CPU.Build.0 = Release|Any CPU
	EndGlobalSection
	GlobalSection(SolutionProperties) = preSolution
		HideSolutionNode = FALSE
	EndGlobalSection
	GlobalSection(ExtensibilityGlobals) = postSolution
		SolutionGuid = {69E4E3A8-6B41-42E7-949A-9D94CE140B77}
	EndGlobalSection
EndGlobal
